
Microsoft Visual Studio Solution File, Format Version 12.00
# Visual Studio Version 16
VisualStudioVersion = 16.0.30621.155
MinimumVisualStudioVersion = 10.0.40219.1
Project("{9A19103F-16F7-4668-BE54-9A1E7A4F7556}") = "ExperimentMod", "ExperimentMod\ExperimentMod.csproj", "{F6FEAB9B-FE95-4B86-A1E3-B3833615B3C0}"
EndProject
Project("{2150E333-8FDC-42A3-9474-1A3956D46DE8}") = "Solution Items", "Solution Items", "{C162D279-57DB-42C6-9C4E-B39B931C4790}"
	ProjectSection(SolutionItems) = preProject
		ExperimentMod\.editorconfig = ExperimentMod\.editorconfig
		.github\workflows\Main.yml = .github\workflows\Main.yml
	EndProjectSection
EndProject
Global
	GlobalSection(SolutionConfigurationPlatforms) = preSolution
		Debug|Any CPU = Debug|Any CPU
		Release|Any CPU = Release|Any CPU
	EndGlobalSection
	GlobalSection(ProjectConfigurationPlatforms) = postSolution
		{F6FEAB9B-FE95-4B86-A1E3-B3833615B3C0}.Debug|Any CPU.ActiveCfg = Debug|Any CPU
		{F6FEAB9B-FE95-4B86-A1E3-B3833615B3C0}.Debug|Any CPU.Build.0 = Debug|Any CPU
		{F6FEAB9B-FE95-4B86-A1E3-B3833615B3C0}.Release|Any CPU.ActiveCfg = Release|Any CPU
		{F6FEAB9B-FE95-4B86-A1E3-B3833615B3C0}.Release|Any CPU.Build.0 = Release|Any CPU
	EndGlobalSection
	GlobalSection(SolutionProperties) = preSolution
		HideSolutionNode = FALSE
	EndGlobalSection
	GlobalSection(ExtensibilityGlobals) = postSolution
		SolutionGuid = {04B1C9A4-A30B-4077-AC22-E338E1B9AF2A}
	EndGlobalSection
EndGlobal
